lockfileVersion: '9.0'

settings:
  autoInstallPeers: true
  excludeLinksFromLockfile: false

importers:

  .:
    dependencies:
      '@typescript/native-preview':
        specifier: ^7.0.0-dev.20260224.1
        version: 7.0.0-dev.20260224.1
      drizzle-orm:
        specifier: ^0.45.1
        version: 0.45.1(@types/pg@8.16.0)(pg@8.18.0)
      pg:
        specifier: ^8.16.0
        version: 8.18.0
    devDependencies:
      '@types/pg':
        specifier: ^8.15.2
        version: 8.16.0

packages:

  '@types/node@25.3.0':
    resolution: {integrity: sha512-4K3bqJpXpqfg2XKGK9bpDTc6xO/xoUP/RBWS7AtRMug6zZFaRekiLzjVtAoZMquxoAbzBvy5nxQ7veS5eYzf8A==}

  '@types/pg@8.16.0':
    resolution: {integrity: sha512-RmhMd/wD+CF8Dfo+cVIy3RR5cl8CyfXQ0tGgW6XBL8L4LM/UTEbNXYRbLwU6w+CgrKBNbrQWt4FUtTfaU5jSYQ==}

  '@typescript/native-preview-darwin-arm64@7.0.0-dev.20260224.1':
    resolution: {integrity: sha512-9VHXRhB7sM5DFqdlKaeDww8vuklgfzhYCjBazLCEnuFvb4J+rJ1DodLykc2bL+6kE8k6sdhYi3x8ipfbjtO44g==}
    cpu: [arm64]
    os: [darwin]

  '@typescript/native-preview-darwin-x64@7.0.0-dev.20260224.1':
    resolution: {integrity: sha512-uCHipPRcIhHnvb7lAM29MQ1QT9pZ+uirqtH630aOMFm8VG3j8mkxVM9iGRLx829n38DMSDLjc3joCrQO3+sDcQ==}
    cpu: [x64]
    os: [darwin]

  '@typescript/native-preview-linux-arm64@7.0.0-dev.20260224.1':
    resolution: {integrity: sha512-yFEEq6hD2R70+lTogb211sPdCwz3H5hpYh0+YuKVMPsKo0oM8/jMvgjj2pyutmj/uCKLdbcJ9HP2vJ/13Szbcg==}
    cpu: [arm64]
    os: [linux]

  '@typescript/native-preview-linux-arm@7.0.0-dev.20260224.1':
    resolution: {integrity: sha512-cEWSRQ8b+CXdMJvoG18IjNTvBo+qT22B5imqm6nAssMpyHHQb62PvZGnrA8mPRQNPzLpa5F956j8GwAjyP8hBQ==}
    cpu: [arm]
    os: [linux]

  '@typescript/native-preview-linux-x64@7.0.0-dev.20260224.1':
    resolution: {integrity: sha512-zGz5kVcCeBRheQwA4jVTAxtbLsBsTkp9AEvWK5AlyCs1rQCUQobBhtx37X4VEmxn4ekIDMxYgaZdlZb7/PGp8w==}
    cpu: [x64]
    os: [linux]

  '@typescript/native-preview-win32-arm64@7.0.0-dev.20260224.1':
    resolution: {integrity: sha512-A0f9ZDQqKvGk/an59HuAJuzoI/wMyrgTd69oX9gFCx7+5E/ajSdgv0Eg1Fco+nyLfT/UVM0CV3ERyWrKzx277w==}
    cpu: [arm64]
    os: [win32]

  '@typescript/native-preview-win32-x64@7.0.0-dev.20260224.1':
    resolution: {integrity: sha512-Se9JrcMdVLeDYMLn+CKEV3qy1yiildb5N23USGvnC9siNFalz8tVgd589dhRP+ywDhXnbIsZiFKDrZF/7B4wSQ==}
    cpu: [x64]
    os: [win32]

  '@typescript/native-preview@7.0.0-dev.20260224.1':
    resolution: {integrity: sha512-PU0zBXLvz6RKxbIubT66RCnJXgScdDIhfmNMkvRhOnX/C4SZom5TFSn7BEHC3w8JPj7OSz5OYoubtV1Haty2GA==}
    hasBin: true

  drizzle-orm@0.45.1:
    resolution: {integrity: sha512-Te0FOdKIistGNPMq2jscdqngBRfBpC8uMFVwqjf6gtTVJHIQ/dosgV/CLBU2N4ZJBsXL5savCba9b0YJskKdcA==}
    peerDependencies:
      '@aws-sdk/client-rds-data': '>=3'
      '@cloudflare/workers-types': '>=4'
      '@electric-sql/pglite': '>=0.2.0'
      '@libsql/client': '>=0.10.0'
      '@libsql/client-wasm': '>=0.10.0'
      '@neondatabase/serverless': '>=0.10.0'
      '@op-engineering/op-sqlite': '>=2'
      '@opentelemetry/api': ^1.4.1
      '@planetscale/database': '>=1.13'
      '@prisma/client': '*'
      '@tidbcloud/serverless': '*'
      '@types/better-sqlite3': '*'
      '@types/pg': '*'
      '@types/sql.js': '*'
      '@upstash/redis': '>=1.34.7'
      '@vercel/postgres': '>=0.8.0'
      '@xata.io/client': '*'
      better-sqlite3: '>=7'
      bun-types: '*'
      expo-sqlite: '>=14.0.0'
      gel: '>=2'
      knex: '*'
      kysely: '*'
      mysql2: '>=2'
      pg: '>=8'
      postgres: '>=3'
      prisma: '*'
      sql.js: '>=1'
      sqlite3: '>=5'
    peerDependenciesMeta:
      '@aws-sdk/client-rds-data':
        optional: true
      '@cloudflare/workers-types':
        optional: true
      '@electric-sql/pglite':
        optional: true
      '@libsql/client':
        optional: true
      '@libsql/client-wasm':
        optional: true
      '@neondatabase/serverless':
        optional: true
      '@op-engineering/op-sqlite':
        optional: true
      '@opentelemetry/api':
        optional: true
      '@planetscale/database':
        optional: true
      '@prisma/client':
        optional: true
      '@tidbcloud/serverless':
        optional: true
      '@types/better-sqlite3':
        optional: true
      '@types/pg':
        optional: true
      '@types/sql.js':
        optional: true
      '@upstash/redis':
        optional: true
      '@vercel/postgres':
        optional: true
      '@xata.io/client':
        optional: true
      better-sqlite3:
        optional: true
      bun-types:
        optional: true
      expo-sqlite:
        optional: true
      gel:
        optional: true
      knex:
        optional: true
      kysely:
        optional: true
      mysql2:
        optional: true
      pg:
        optional: true
      postgres:
        optional: true
      prisma:
        optional: true
      sql.js:
        optional: true
      sqlite3:
        optional: true

  pg-cloudflare@1.3.0:
    resolution: {integrity: sha512-6lswVVSztmHiRtD6I8hw4qP/nDm1EJbKMRhf3HCYaqud7frGysPv7FYJ5noZQdhQtN2xJnimfMtvQq21pdbzyQ==}

  pg-connection-string@2.11.0:
    resolution: {integrity: sha512-kecgoJwhOpxYU21rZjULrmrBJ698U2RxXofKVzOn5UDj61BPj/qMb7diYUR1nLScCDbrztQFl1TaQZT0t1EtzQ==}

  pg-int8@1.0.1:
    resolution: {integrity: sha512-WCtabS6t3c8SkpDBUlb1kjOs7l66xsGdKpIPZsg4wR+B3+u9UAum2odSsF9tnvxg80h4ZxLWMy4pRjOsFIqQpw==}
    engines: {node: '>=4.0.0'}

  pg-pool@3.11.0:
    resolution: {integrity: sha512-MJYfvHwtGp870aeusDh+hg9apvOe2zmpZJpyt+BMtzUWlVqbhFmMK6bOBXLBUPd7iRtIF9fZplDc7KrPN3PN7w==}
    peerDependencies:
      pg: '>=8.0'

  pg-protocol@1.11.0:
    resolution: {integrity: sha512-pfsxk2M9M3BuGgDOfuy37VNRRX3jmKgMjcvAcWqNDpZSf4cUmv8HSOl5ViRQFsfARFn0KuUQTgLxVMbNq5NW3g==}

  pg-types@2.2.0:
    resolution: {integrity: sha512-qTAAlrEsl8s4OiEQY69wDvcMIdQN6wdz5ojQiOy6YRMuynxenON0O5oCpJI6lshc6scgAY8qvJ2On/p+CXY0GA==}
    engines: {node: '>=4'}

  pg@8.18.0:
    resolution: {integrity: sha512-xqrUDL1b9MbkydY/s+VZ6v+xiMUmOUk7SS9d/1kpyQxoJ6U9AO1oIJyUWVZojbfe5Cc/oluutcgFG4L9RDP1iQ==}
    engines: {node: '>= 16.0.0'}
    peerDependencies:
      pg-native: '>=3.0.1'
    peerDependenciesMeta:
      pg-native:
        optional: true

  pgpass@1.0.5:
    resolution: {integrity: sha512-FdW9r/jQZhSeohs1Z3sI1yxFQNFvMcnmfuj4WBMUTxOrAyLMaTcE1aAMBiTlbMNaXvBCQuVi0R7hd8udDSP7ug==}

  postgres-array@2.0.0:
    resolution: {integrity: sha512-VpZrUqU5A69eQyW2c5CA1jtLecCsN2U/bD6VilrFDWq5+5UIEVO7nazS3TEcHf1zuPYO/sqGvUvW62g86RXZuA==}
    engines: {node: '>=4'}

  postgres-bytea@1.0.1:
    resolution: {integrity: sha512-5+5HqXnsZPE65IJZSMkZtURARZelel2oXUEO8rH83VS/hxH5vv1uHquPg5wZs8yMAfdv971IU+kcPUczi7NVBQ==}
    engines: {node: '>=0.10.0'}

  postgres-date@1.0.7:
    resolution: {integrity: sha512-suDmjLVQg78nMK2UZ454hAG+OAW+HQPZ6n++TNDUX+L0+uUlLywnoxJKDou51Zm+zTCjrCl0Nq6J9C5hP9vK/Q==}
    engines: {node: '>=0.10.0'}

  postgres-interval@1.2.0:
    resolution: {integrity: sha512-9ZhXKM/rw350N1ovuWHbGxnGh/SNJ4cnxHiM0rxE4VN41wsg8P8zWn9hv/buK00RP4WvlOyr/RBDiptyxVbkZQ==}
    engines: {node: '>=0.10.0'}

  split2@4.2.0:
    resolution: {integrity: sha512-UcjcJOWknrNkF6PLX83qcHM6KHgVKNkV62Y8a5uYDVv9ydGQVwAHMKqHdJje1VTWpljG0WYpCDhrCdAOYH4TWg==}
    engines: {node: '>= 10.x'}

  undici-types@7.18.2:
    resolution: {integrity: sha512-AsuCzffGHJybSaRrmr5eHr81mwJU3kjw6M+uprWvCXiNeN9SOGwQ3Jn8jb8m3Z6izVgknn1R0FTCEAP2QrLY/w==}

  xtend@4.0.2:
    resolution: {integrity: sha512-LKYU1iAXJXUgAXn9URjiu+MWhyUXHsvfp7mcuYm9dSUKK0/CjtrUwFAxD82/mCWbtLsGjFIad0wIsod4zrTAEQ==}
    engines: {node: '>=0.4'}

snapshots:

  '@types/node@25.3.0':
    dependencies:
      undici-types: 7.18.2

  '@types/pg@8.16.0':
    dependencies:
      '@types/node': 25.3.0
      pg-protocol: 1.11.0
      pg-types: 2.2.0

  '@typescript/native-preview-darwin-arm64@7.0.0-dev.20260224.1':
    optional: true

  '@typescript/native-preview-darwin-x64@7.0.0-dev.20260224.1':
    optional: true

  '@typescript/native-preview-linux-arm64@7.0.0-dev.20260224.1':
    optional: true

  '@typescript/native-preview-linux-arm@7.0.0-dev.20260224.1':
    optional: true

  '@typescript/native-preview-linux-x64@7.0.0-dev.20260224.1':
    optional: true

  '@typescript/native-preview-win32-arm64@7.0.0-dev.20260224.1':
    optional: true

  '@typescript/native-preview-win32-x64@7.0.0-dev.20260224.1':
    optional: true

  '@typescript/native-preview@7.0.0-dev.20260224.1':
    optionalDependencies:
      '@typescript/native-preview-darwin-arm64': 7.0.0-dev.20260224.1
      '@typescript/native-preview-darwin-x64': 7.0.0-dev.20260224.1
      '@typescript/native-preview-linux-arm': 7.0.0-dev.20260224.1
      '@typescript/native-preview-linux-arm64': 7.0.0-dev.20260224.1
      '@typescript/native-preview-linux-x64': 7.0.0-dev.20260224.1
      '@typescript/native-preview-win32-arm64': 7.0.0-dev.20260224.1
      '@typescript/native-preview-win32-x64': 7.0.0-dev.20260224.1

  drizzle-orm@0.45.1(@types/pg@8.16.0)(pg@8.18.0):
    optionalDependencies:
      '@types/pg': 8.16.0
      pg: 8.18.0

  pg-cloudflare@1.3.0:
    optional: true

  pg-connection-string@2.11.0: {}

  pg-int8@1.0.1: {}

  pg-pool@3.11.0(pg@8.18.0):
    dependencies:
      pg: 8.18.0

  pg-protocol@1.11.0: {}

  pg-types@2.2.0:
    dependencies:
      pg-int8: 1.0.1
      postgres-array: 2.0.0
      postgres-bytea: 1.0.1
      postgres-date: 1.0.7
      postgres-interval: 1.2.0

  pg@8.18.0:
    dependencies:
      pg-connection-string: 2.11.0
      pg-pool: 3.11.0(pg@8.18.0)
      pg-protocol: 1.11.0
      pg-types: 2.2.0
      pgpass: 1.0.5
    optionalDependencies:
      pg-cloudflare: 1.3.0

  pgpass@1.0.5:
    dependencies:
      split2: 4.2.0

  postgres-array@2.0.0: {}

  postgres-bytea@1.0.1: {}

  postgres-date@1.0.7: {}

  postgres-interval@1.2.0:
    dependencies:
      xtend: 4.0.2

  split2@4.2.0: {}

  undici-types@7.18.2: {}

  xtend@4.0.2: {}
